
Microsoft Visual Studio Solution File, Format Version 12.00
# Visual Studio Version 17
VisualStudioVersion = 17.5.002.0
MinimumVisualStudioVersion = 10.0.40219.1
Project("{9A19103F-16F7-4668-BE54-9A1E7A4F7556}") = "Validation", "14-validation\Validation.csproj", "{41F55A9B-229C-47CB-AC20-B34F09ABD9B5}"
EndProject
Project("{9A19103F-16F7-4668-BE54-9A1E7A4F7556}") = "SampleApp", "10-sample-flat-setup\SampleApp.csproj", "{EE6F39B1-5886-4088-AE0D-DC134B7FE8F9}"
EndProject
Project("{9A19103F-16F7-4668-BE54-9A1E7A4F7556}") = "SampleAppConfigAsp", "13-app-config-asp\SampleAppConfigAsp.csproj", "{9DC24495-611D-4EB0-97F5-CB8F37E99C3C}"
EndProject
Project("{9A19103F-16F7-4668-BE54-9A1E7A4F7556}") = "SampleApp (10d)", "10d-sample-section-binding\SampleApp.csproj", "{BC036545-456C-4940-9311-9EC15878B65F}"
EndProject
Project("{9A19103F-16F7-4668-BE54-9A1E7A4F7556}") = "SampleApp (5)", "05-console-configuration-in-memory\SampleApp.csproj", "{6C278366-C6EE-4171-A3CF-1706FD1AE858}"
EndProject
Project("{9A19103F-16F7-4668-BE54-9A1E7A4F7556}") = "SampleApp (10b)", "10b-sample-hierarchy\SampleApp.csproj", "{7CD8E346-281E-4E63-A869-852E8BEDA99A}"
EndProject
Project("{9A19103F-16F7-4668-BE54-9A1E7A4F7556}") = "SampleApp (9c)", "09c-indexer-api\SampleApp.csproj", "{B3DAFBC6-5A86-42CD-B691-BD82FAA4802B}"
EndProject
Project("{9A19103F-16F7-4668-BE54-9A1E7A4F7556}") = "SampleApp (10c)", "10c-sample-sections\SampleApp.csproj", "{ECCBC819-8EE4-4C02-9455-36E7A040FFEC}"
EndProject
Project("{9A19103F-16F7-4668-BE54-9A1E7A4F7556}") = "SampleApp (9)", "09-hosted-console-template\SampleApp.csproj", "{11479568-A794-4333-9AE9-DCF4966314B2}"
EndProject
Project("{9A19103F-16F7-4668-BE54-9A1E7A4F7556}") = "SampleApp (6)", "06-console-config-sections\SampleApp.csproj", "{E5661300-F54C-45CC-87FD-53E49ACAB6CB}"
EndProject
Project("{9A19103F-16F7-4668-BE54-9A1E7A4F7556}") = "SampleApp (1)", "01-console-configuration-json\SampleApp.csproj", "{D66C3917-75FD-42C5-84B7-B8F3B3E3EFD0}"
EndProject
Project("{9A19103F-16F7-4668-BE54-9A1E7A4F7556}") = "SampleAsp (12)", "12-asp-named\SampleAsp.csproj", "{99196492-1B31-4EEF-9D0D-E5696AD4CA97}"
EndProject
Project("{9A19103F-16F7-4668-BE54-9A1E7A4F7556}") = "SampleApp (0)", "00-basic-console-template\SampleApp.csproj", "{0AE6519E-B03B-4416-87F6-8C18995BB4D7}"
EndProject
Project("{9A19103F-16F7-4668-BE54-9A1E7A4F7556}") = "SampleAsp (11)", "11-asp\SampleAsp.csproj", "{82F84EBC-EC18-4E10-9CBF-E7472FFB7CD2}"
EndProject
Project("{9A19103F-16F7-4668-BE54-9A1E7A4F7556}") = "SampleApp (7)", "07-console-key-per-file\SampleApp.csproj", "{9DDB5BC2-879B-4969-90E7-44356A2886C9}"
EndProject
Project("{9A19103F-16F7-4668-BE54-9A1E7A4F7556}") = "SampleApp (3)", "03-console-configuration-cmdline\SampleApp.csproj", "{7AFD7DF6-2672-4E08-B176-D155CFAA92F7}"
EndProject
Project("{9A19103F-16F7-4668-BE54-9A1E7A4F7556}") = "SampleApp (6b)", "06b-console-config-sections-cmdline-mappings\SampleApp.csproj", "{7D375963-6CCA-4172-9433-15B26F9FD811}"
EndProject
Project("{9A19103F-16F7-4668-BE54-9A1E7A4F7556}") = "SampleApp (9b)", "09b-alternate-hosted-template\SampleApp.csproj", "{F456DE19-490E-4E8B-8AFE-360EA6E7879D}"
EndProject
Project("{9A19103F-16F7-4668-BE54-9A1E7A4F7556}") = "SampleApp (8)", "08-console-keyvault\SampleApp.csproj", "{AC8C06C5-FFE7-42B0-AC43-38CCA4FE5E33}"
EndProject
Project("{9A19103F-16F7-4668-BE54-9A1E7A4F7556}") = "SampleApp (2)", "02-console-configuration-environment\SampleApp.csproj", "{5DB98E87-574E-4D2C-91FC-587C2118556F}"
EndProject
Project("{9A19103F-16F7-4668-BE54-9A1E7A4F7556}") = "Validation (15)", "15-postconfig-validation\Validation.csproj", "{F4D88CB1-566C-4C85-8848-9A22C1FB4E41}"
EndProject
Project("{9A19103F-16F7-4668-BE54-9A1E7A4F7556}") = "SampleApp (4)", "04-console-configuration-user-secrets\SampleApp.csproj", "{857F046F-AEB8-4867-9483-1475EE774C92}"
EndProject
Global
	GlobalSection(SolutionConfigurationPlatforms) = preSolution
		Debug|Any CPU = Debug|Any CPU
		Release|Any CPU = Release|Any CPU
	EndGlobalSection
	GlobalSection(ProjectConfigurationPlatforms) = postSolution
		{41F55A9B-229C-47CB-AC20-B34F09ABD9B5}.Debug|Any CPU.ActiveCfg = Debug|Any CPU
		{41F55A9B-229C-47CB-AC20-B34F09ABD9B5}.Debug|Any CPU.Build.0 = Debug|Any CPU
		{41F55A9B-229C-47CB-AC20-B34F09ABD9B5}.Release|Any CPU.ActiveCfg = Release|Any CPU
		{41F55A9B-229C-47CB-AC20-B34F09ABD9B5}.Release|Any CPU.Build.0 = Release|Any CPU
		{EE6F39B1-5886-4088-AE0D-DC134B7FE8F9}.Debug|Any CPU.ActiveCfg = Debug|Any CPU
		{EE6F39B1-5886-4088-AE0D-DC134B7FE8F9}.Debug|Any CPU.Build.0 = Debug|Any CPU
		{EE6F39B1-5886-4088-AE0D-DC134B7FE8F9}.Release|Any CPU.ActiveCfg = Release|Any CPU
		{EE6F39B1-5886-4088-AE0D-DC134B7FE8F9}.Release|Any CPU.Build.0 = Release|Any CPU
		{9DC24495-611D-4EB0-97F5-CB8F37E99C3C}.Debug|Any CPU.ActiveCfg = Debug|Any CPU
		{9DC24495-611D-4EB0-97F5-CB8F37E99C3C}.Debug|Any CPU.Build.0 = Debug|Any CPU
		{9DC24495-611D-4EB0-97F5-CB8F37E99C3C}.Release|Any CPU.ActiveCfg = Release|Any CPU
		{9DC24495-611D-4EB0-97F5-CB8F37E99C3C}.Release|Any CPU.Build.0 = Release|Any CPU
		{BC036545-456C-4940-9311-9EC15878B65F}.Debug|Any CPU.ActiveCfg = Debug|Any CPU
		{BC036545-456C-4940-9311-9EC15878B65F}.Debug|Any CPU.Build.0 = Debug|Any CPU
		{BC036545-456C-4940-9311-9EC15878B65F}.Release|Any CPU.ActiveCfg = Release|Any CPU
		{BC036545-456C-4940-9311-9EC15878B65F}.Release|Any CPU.Build.0 = Release|Any CPU
		{6C278366-C6EE-4171-A3CF-1706FD1AE858}.Debug|Any CPU.ActiveCfg = Debug|Any CPU
		{6C278366-C6EE-4171-A3CF-1706FD1AE858}.Debug|Any CPU.Build.0 = Debug|Any CPU
		{6C278366-C6EE-4171-A3CF-1706FD1AE858}.Release|Any CPU.ActiveCfg = Release|Any CPU
		{6C278366-C6EE-4171-A3CF-1706FD1AE858}.Release|Any CPU.Build.0 = Release|Any CPU
		{7CD8E346-281E-4E63-A869-852E8BEDA99A}.Debug|Any CPU.ActiveCfg = Debug|Any CPU
		{7CD8E346-281E-4E63-A869-852E8BEDA99A}.Debug|Any CPU.Build.0 = Debug|Any CPU
		{7CD8E346-281E-4E63-A869-852E8BEDA99A}.Release|Any CPU.ActiveCfg = Release|Any CPU
		{7CD8E346-281E-4E63-A869-852E8BEDA99A}.Release|Any CPU.Build.0 = Release|Any CPU
		{B3DAFBC6-5A86-42CD-B691-BD82FAA4802B}.Debug|Any CPU.ActiveCfg = Debug|Any CPU
		{B3DAFBC6-5A86-42CD-B691-BD82FAA4802B}.Debug|Any CPU.Build.0 = Debug|Any CPU
		{B3DAFBC6-5A86-42CD-B691-BD82FAA4802B}.Release|Any CPU.ActiveCfg = Release|Any CPU
		{B3DAFBC6-5A86-42CD-B691-BD82FAA4802B}.Release|Any CPU.Build.0 = Release|Any CPU
		{ECCBC819-8EE4-4C02-9455-36E7A040FFEC}.Debug|Any CPU.ActiveCfg = Debug|Any CPU
		{ECCBC819-8EE4-4C02-9455-36E7A040FFEC}.Debug|Any CPU.Build.0 = Debug|Any CPU
		{ECCBC819-8EE4-4C02-9455-36E7A040FFEC}.Release|Any CPU.ActiveCfg = Release|Any CPU
		{ECCBC819-8EE4-4C02-9455-36E7A040FFEC}.Release|Any CPU.Build.0 = Release|Any CPU
		{11479568-A794-4333-9AE9-DCF4966314B2}.Debug|Any CPU.ActiveCfg = Debug|Any CPU
		{11479568-A794-4333-9AE9-DCF4966314B2}.Debug|Any CPU.Build.0 = Debug|Any CPU
		{11479568-A794-4333-9AE9-DCF4966314B2}.Release|Any CPU.ActiveCfg = Release|Any CPU
		{11479568-A794-4333-9AE9-DCF4966314B2}.Release|Any CPU.Build.0 = Release|Any CPU
		{E5661300-F54C-45CC-87FD-53E49ACAB6CB}.Debug|Any CPU.ActiveCfg = Debug|Any CPU
		{E5661300-F54C-45CC-87FD-53E49ACAB6CB}.Debug|Any CPU.Build.0 = Debug|Any CPU
		{E5661300-F54C-45CC-87FD-53E49ACAB6CB}.Release|Any CPU.ActiveCfg = Release|Any CPU
		{E5661300-F54C-45CC-87FD-53E49ACAB6CB}.Release|Any CPU.Build.0 = Release|Any CPU
		{D66C3917-75FD-42C5-84B7-B8F3B3E3EFD0}.Debug|Any CPU.ActiveCfg = Debug|Any CPU
		{D66C3917-75FD-42C5-84B7-B8F3B3E3EFD0}.Debug|Any CPU.Build.0 = Debug|Any CPU
		{D66C3917-75FD-42C5-84B7-B8F3B3E3EFD0}.Release|Any CPU.ActiveCfg = Release|Any CPU
		{D66C3917-75FD-42C5-84B7-B8F3B3E3EFD0}.Release|Any CPU.Build.0 = Release|Any CPU
		{99196492-1B31-4EEF-9D0D-E5696AD4CA97}.Debug|Any CPU.ActiveCfg = Debug|Any CPU
		{99196492-1B31-4EEF-9D0D-E5696AD4CA97}.Debug|Any CPU.Build.0 = Debug|Any CPU
		{99196492-1B31-4EEF-9D0D-E5696AD4CA97}.Release|Any CPU.ActiveCfg = Release|Any CPU
		{99196492-1B31-4EEF-9D0D-E5696AD4CA97}.Release|Any CPU.Build.0 = Release|Any CPU
		{0AE6519E-B03B-4416-87F6-8C18995BB4D7}.Debug|Any CPU.ActiveCfg = Debug|Any CPU
		{0AE6519E-B03B-4416-87F6-8C18995BB4D7}.Debug|Any CPU.Build.0 = Debug|Any CPU
		{0AE6519E-B03B-4416-87F6-8C18995BB4D7}.Release|Any CPU.ActiveCfg = Release|Any CPU
		{0AE6519E-B03B-4416-87F6-8C18995BB4D7}.Release|Any CPU.Build.0 = Release|Any CPU
		{82F84EBC-EC18-4E10-9CBF-E7472FFB7CD2}.Debug|Any CPU.ActiveCfg = Debug|Any CPU
		{82F84EBC-EC18-4E10-9CBF-E7472FFB7CD2}.Debug|Any CPU.Build.0 = Debug|Any CPU
		{82F84EBC-EC18-4E10-9CBF-E7472FFB7CD2}.Release|Any CPU.ActiveCfg = Release|Any CPU
		{82F84EBC-EC18-4E10-9CBF-E7472FFB7CD2}.Release|Any CPU.Build.0 = Release|Any CPU
		{9DDB5BC2-879B-4969-90E7-44356A2886C9}.Debug|Any CPU.ActiveCfg = Debug|Any CPU
		{9DDB5BC2-879B-4969-90E7-44356A2886C9}.Debug|Any CPU.Build.0 = Debug|Any CPU
		{9DDB5BC2-879B-4969-90E7-44356A2886C9}.Release|Any CPU.ActiveCfg = Release|Any CPU
		{9DDB5BC2-879B-4969-90E7-44356A2886C9}.Release|Any CPU.Build.0 = Release|Any CPU
		{7AFD7DF6-2672-4E08-B176-D155CFAA92F7}.Debug|Any CPU.ActiveCfg = Debug|Any CPU
		{7AFD7DF6-2672-4E08-B176-D155CFAA92F7}.Debug|Any CPU.Build.0 = Debug|Any CPU
		{7AFD7DF6-2672-4E08-B176-D155CFAA92F7}.Release|Any CPU.ActiveCfg = Release|Any CPU
		{7AFD7DF6-2672-4E08-B176-D155CFAA92F7}.Release|Any CPU.Build.0 = Release|Any CPU
		{7D375963-6CCA-4172-9433-15B26F9FD811}.Debug|Any CPU.ActiveCfg = Debug|Any CPU
		{7D375963-6CCA-4172-9433-15B26F9FD811}.Debug|Any CPU.Build.0 = Debug|Any CPU
		{7D375963-6CCA-4172-9433-15B26F9FD811}.Release|Any CPU.ActiveCfg = Release|Any CPU
		{7D375963-6CCA-4172-9433-15B26F9FD811}.Release|Any CPU.Build.0 = Release|Any CPU
		{F456DE19-490E-4E8B-8AFE-360EA6E7879D}.Debug|Any CPU.ActiveCfg = Debug|Any CPU
		{F456DE19-490E-4E8B-8AFE-360EA6E7879D}.Debug|Any CPU.Build.0 = Debug|Any CPU
		{F456DE19-490E-4E8B-8AFE-360EA6E7879D}.Release|Any CPU.ActiveCfg = Release|Any CPU
		{F456DE19-490E-4E8B-8AFE-360EA6E7879D}.Release|Any CPU.Build.0 = Release|Any CPU
		{AC8C06C5-FFE7-42B0-AC43-38CCA4FE5E33}.Debug|Any CPU.ActiveCfg = Debug|Any CPU
		{AC8C06C5-FFE7-42B0-AC43-38CCA4FE5E33}.Debug|Any CPU.Build.0 = Debug|Any CPU
		{AC8C06C5-FFE7-42B0-AC43-38CCA4FE5E33}.Release|Any CPU.ActiveCfg = Release|Any CPU
		{AC8C06C5-FFE7-42B0-AC43-38CCA4FE5E33}.Release|Any CPU.Build.0 = Release|Any CPU
		{5DB98E87-574E-4D2C-91FC-587C2118556F}.Debug|Any CPU.ActiveCfg = Debug|Any CPU
		{5DB98E87-574E-4D2C-91FC-587C2118556F}.Debug|Any CPU.Build.0 = Debug|Any CPU
		{5DB98E87-574E-4D2C-91FC-587C2118556F}.Release|Any CPU.ActiveCfg = Release|Any CPU
		{5DB98E87-574E-4D2C-91FC-587C2118556F}.Release|Any CPU.Build.0 = Release|Any CPU
		{F4D88CB1-566C-4C85-8848-9A22C1FB4E41}.Debug|Any CPU.ActiveCfg = Debug|Any CPU
		{F4D88CB1-566C-4C85-8848-9A22C1FB4E41}.Debug|Any CPU.Build.0 = Debug|Any CPU
		{F4D88CB1-566C-4C85-8848-9A22C1FB4E41}.Release|Any CPU.ActiveCfg = Release|Any CPU
		{F4D88CB1-566C-4C85-8848-9A22C1FB4E41}.Release|Any CPU.Build.0 = Release|Any CPU
		{857F046F-AEB8-4867-9483-1475EE774C92}.Debug|Any CPU.ActiveCfg = Debug|Any CPU
		{857F046F-AEB8-4867-9483-1475EE774C92}.Debug|Any CPU.Build.0 = Debug|Any CPU
		{857F046F-AEB8-4867-9483-1475EE774C92}.Release|Any CPU.ActiveCfg = Release|Any CPU
		{857F046F-AEB8-4867-9483-1475EE774C92}.Release|Any CPU.Build.0 = Release|Any CPU
	EndGlobalSection
	GlobalSection(SolutionProperties) = preSolution
		HideSolutionNode = FALSE
	EndGlobalSection
	GlobalSection(ExtensibilityGlobals) = postSolution
		SolutionGuid = {B28D65A5-78BA-4BC5-8685-743CD1D59B6E}
	EndGlobalSection
EndGlobal
