
Microsoft Visual Studio Solution File, Format Version 12.00
# Visual Studio Version 17
VisualStudioVersion = 17.5.2.0
MinimumVisualStudioVersion = 10.0.40219.1
Project("{2150E333-8FDC-42A3-9474-1A3956D46DE8}") = "00-basic-console-template", "00-basic-console-template", "{416B735E-5923-7A76-2659-B9B4A6AD3204}"
EndProject
Project("{FAE04EC0-301F-11D3-BF4B-00C04F79EFBC}") = "BasicConsoleSample", "00-basic-console-template\BasicConsoleSample.csproj", "{379762B1-82AE-41EB-A7E4-F5E2BA7F403F}"
EndProject
Project("{2150E333-8FDC-42A3-9474-1A3956D46DE8}") = "01-console-configuration-json", "01-console-configuration-json", "{A03F6522-2693-4732-6C8A-C64F880892AA}"
EndProject
Project("{FAE04EC0-301F-11D3-BF4B-00C04F79EFBC}") = "ConsoleConfigurationJson", "01-console-configuration-json\ConsoleConfigurationJson.csproj", "{246A5CB8-D451-4B39-9964-8B10992CE69A}"
EndProject
Project("{2150E333-8FDC-42A3-9474-1A3956D46DE8}") = "02-console-configuration-environment", "02-console-configuration-environment", "{26FC0A08-A71D-72F2-4BF4-F6E388CA4612}"
EndProject
Project("{FAE04EC0-301F-11D3-BF4B-00C04F79EFBC}") = "ConsoleConfigurationEnv", "02-console-configuration-environment\ConsoleConfigurationEnv.csproj", "{02451892-2DE2-4189-A8C7-E39155F3E17F}"
EndProject
Project("{2150E333-8FDC-42A3-9474-1A3956D46DE8}") = "03-console-configuration-cmdline", "03-console-configuration-cmdline", "{E5229E1B-083B-EB7B-27E8-19EC140C1C78}"
EndProject
Project("{FAE04EC0-301F-11D3-BF4B-00C04F79EFBC}") = "ConsoleConfigurationCmd", "03-console-configuration-cmdline\ConsoleConfigurationCmd.csproj", "{0BC1CD68-9458-4A34-8A39-63C255393BBC}"
EndProject
Project("{2150E333-8FDC-42A3-9474-1A3956D46DE8}") = "04-console-configuration-user-secrets", "04-console-configuration-user-secrets", "{278D7143-4C7D-0AE1-1F4F-4B92C2B1C15A}"
EndProject
Project("{FAE04EC0-301F-11D3-BF4B-00C04F79EFBC}") = "ConsoleConfigurationUserSecrets", "04-console-configuration-user-secrets\ConsoleConfigurationUserSecrets.csproj", "{6A6D2F3A-92CF-4B3F-B5ED-4222996314E5}"
EndProject
Project("{2150E333-8FDC-42A3-9474-1A3956D46DE8}") = "05-console-configuration-in-memory", "05-console-configuration-in-memory", "{808C8A88-A060-B8D9-C546-DD5BD1A469A3}"
EndProject
Project("{FAE04EC0-301F-11D3-BF4B-00C04F79EFBC}") = "ConsoleConfigurationInMem", "05-console-configuration-in-memory\ConsoleConfigurationInMem.csproj", "{BC51A5D9-AAD8-43C4-8FC0-BC7F25EEF628}"
EndProject
Project("{2150E333-8FDC-42A3-9474-1A3956D46DE8}") = "06-console-config-sections", "06-console-config-sections", "{D1007EA8-BFD3-FFD4-68E6-B7D566E5360D}"
EndProject
Project("{FAE04EC0-301F-11D3-BF4B-00C04F79EFBC}") = "ConsoleConfigSections", "06-console-config-sections\ConsoleConfigSections.csproj", "{32D0A95C-FC09-4240-B2F8-4479F30FA189}"
EndProject
Project("{2150E333-8FDC-42A3-9474-1A3956D46DE8}") = "07-console-key-per-file", "07-console-key-per-file", "{FB24A532-0731-DAFE-AE35-A46A03491690}"
EndProject
Project("{FAE04EC0-301F-11D3-BF4B-00C04F79EFBC}") = "ConsoleConfigurationKeys", "07-console-key-per-file\ConsoleConfigurationKeys.csproj", "{6592C26C-444E-44AE-B89D-053A7BF906AD}"
EndProject
Project("{2150E333-8FDC-42A3-9474-1A3956D46DE8}") = "06b-console-config-sections-cmdline-mappings", "06b-console-config-sections-cmdline-mappings", "{2AAB72EF-8F25-2660-099C-41F360354C50}"
EndProject
Project("{FAE04EC0-301F-11D3-BF4B-00C04F79EFBC}") = "ConsoleConfigSectionMappings", "06b-console-config-sections-cmdline-mappings\ConsoleConfigSectionMappings.csproj", "{40E09A00-6DA4-4D7A-B6A4-467EE7E009CB}"
EndProject
Project("{2150E333-8FDC-42A3-9474-1A3956D46DE8}") = "08-console-keyvault", "08-console-keyvault", "{AF25D58D-8A97-E31D-1CFC-8EA144ACD829}"
EndProject
Project("{FAE04EC0-301F-11D3-BF4B-00C04F79EFBC}") = "ConsoleKeyvault", "08-console-keyvault\ConsoleKeyvault.csproj", "{87B46E93-2450-4FE8-8F7E-AE174146B077}"
EndProject
Project("{2150E333-8FDC-42A3-9474-1A3956D46DE8}") = "09-hosted-console-template", "09-hosted-console-template", "{962E1758-55A4-F230-BEF7-22CE04B28B30}"
EndProject
Project("{FAE04EC0-301F-11D3-BF4B-00C04F79EFBC}") = "HostedConsoleTemplate", "09-hosted-console-template\HostedConsoleTemplate.csproj", "{062DD7C5-6052-4A10-B654-F5A4C4D48282}"
EndProject
Project("{2150E333-8FDC-42A3-9474-1A3956D46DE8}") = "09b-alternate-hosted-template", "09b-alternate-hosted-template", "{F3934845-82BE-1788-B1A2-6E384455033D}"
EndProject
Project("{FAE04EC0-301F-11D3-BF4B-00C04F79EFBC}") = "AltHostedConsoleTemplate", "09b-alternate-hosted-template\AltHostedConsoleTemplate.csproj", "{9EE35032-7906-4F84-9DB1-5E9B44183B7B}"
EndProject
Project("{2150E333-8FDC-42A3-9474-1A3956D46DE8}") = "09c-indexer-api", "09c-indexer-api", "{E6232546-4792-EED6-A5E2-B368ED0E891D}"
EndProject
Project("{FAE04EC0-301F-11D3-BF4B-00C04F79EFBC}") = "IndexerApi", "09c-indexer-api\IndexerApi.csproj", "{BC3C7DA8-D9C2-4A03-BDF0-FA5EE7086A82}"
EndProject
Project("{2150E333-8FDC-42A3-9474-1A3956D46DE8}") = "10-sample-flat-setup", "10-sample-flat-setup", "{95E16B79-6CE9-6F52-1BD1-D40FBEB1E605}"
EndProject
Project("{FAE04EC0-301F-11D3-BF4B-00C04F79EFBC}") = "SampleFlatSetup", "10-sample-flat-setup\SampleFlatSetup.csproj", "{F13942B4-4227-494B-A8AD-7F0DE5F07ED8}"
EndProject
Project("{2150E333-8FDC-42A3-9474-1A3956D46DE8}") = "10b-sample-hierarchy", "10b-sample-hierarchy", "{0FF63FD7-4B55-4F47-82E1-25CBE0F122E0}"
EndProject
Project("{FAE04EC0-301F-11D3-BF4B-00C04F79EFBC}") = "SampleHierarchy", "10b-sample-hierarchy\SampleHierarchy.csproj", "{2D1896F7-6083-4448-B18C-95EDD92BC6CF}"
EndProject
Project("{2150E333-8FDC-42A3-9474-1A3956D46DE8}") = "10c-sample-sections", "10c-sample-sections", "{523B6C6A-3999-E96D-5F5F-801A396CB079}"
EndProject
Project("{FAE04EC0-301F-11D3-BF4B-00C04F79EFBC}") = "SampleSections", "10c-sample-sections\SampleSections.csproj", "{55BCC7BD-F573-4417-B6B5-2447731304DB}"
EndProject
Project("{2150E333-8FDC-42A3-9474-1A3956D46DE8}") = "10d-sample-section-binding", "10d-sample-section-binding", "{1128E5BD-42AE-6718-C11F-0A06F6527561}"
EndProject
Project("{FAE04EC0-301F-11D3-BF4B-00C04F79EFBC}") = "SampleSectionBinding", "10d-sample-section-binding\SampleSectionBinding.csproj", "{8B6B320B-30BE-4AA5-8083-86EC53EEEC36}"
EndProject
Project("{2150E333-8FDC-42A3-9474-1A3956D46DE8}") = "11-asp", "11-asp", "{66E38FAC-6DE0-8A22-B006-505FBBA49B32}"
EndProject
Project("{FAE04EC0-301F-11D3-BF4B-00C04F79EFBC}") = "Asp", "11-asp\Asp.csproj", "{EB7C93B5-711E-4984-A4D3-9ACD7B09A334}"
EndProject
Project("{2150E333-8FDC-42A3-9474-1A3956D46DE8}") = "12-asp-named", "12-asp-named", "{EC2BD167-3210-459C-05CC-717894F045E0}"
EndProject
Project("{FAE04EC0-301F-11D3-BF4B-00C04F79EFBC}") = "AspNamed", "12-asp-named\AspNamed.csproj", "{99345653-50AE-4D6E-8C82-910958CDC5D8}"
EndProject
Project("{2150E333-8FDC-42A3-9474-1A3956D46DE8}") = "13-app-config-asp", "13-app-config-asp", "{10949080-6AC0-8F96-E38F-1260E464F4A4}"
EndProject
Project("{FAE04EC0-301F-11D3-BF4B-00C04F79EFBC}") = "SamplAppConfigAsp", "13-app-config-asp\SamplAppConfigAsp.csproj", "{094400D1-2F4C-4B6E-B686-CD5B98079B97}"
EndProject
Project("{2150E333-8FDC-42A3-9474-1A3956D46DE8}") = "14-validation", "14-validation", "{C10381C7-E6EC-9F41-B594-B6A8FD7394E7}"
EndProject
Project("{FAE04EC0-301F-11D3-BF4B-00C04F79EFBC}") = "Validation", "14-validation\Validation.csproj", "{F0E6E091-904E-45E7-A61E-D463A82FF1C5}"
EndProject
Project("{2150E333-8FDC-42A3-9474-1A3956D46DE8}") = "15-postconfig-validation", "15-postconfig-validation", "{EB4297B2-A147-EBE7-51CC-92841866A83B}"
EndProject
Project("{FAE04EC0-301F-11D3-BF4B-00C04F79EFBC}") = "PostValidation", "15-postconfig-validation\PostValidation.csproj", "{9BD87EA0-12C2-489A-81B4-96C724E1B453}"
EndProject
Global
	GlobalSection(SolutionConfigurationPlatforms) = preSolution
		Debug|Any CPU = Debug|Any CPU
		Debug|x64 = Debug|x64
		Debug|x86 = Debug|x86
		Release|Any CPU = Release|Any CPU
		Release|x64 = Release|x64
		Release|x86 = Release|x86
	EndGlobalSection
	GlobalSection(ProjectConfigurationPlatforms) = postSolution
		{379762B1-82AE-41EB-A7E4-F5E2BA7F403F}.Debug|Any CPU.ActiveCfg = Debug|Any CPU
		{379762B1-82AE-41EB-A7E4-F5E2BA7F403F}.Debug|Any CPU.Build.0 = Debug|Any CPU
		{379762B1-82AE-41EB-A7E4-F5E2BA7F403F}.Debug|x64.ActiveCfg = Debug|Any CPU
		{379762B1-82AE-41EB-A7E4-F5E2BA7F403F}.Debug|x64.Build.0 = Debug|Any CPU
		{379762B1-82AE-41EB-A7E4-F5E2BA7F403F}.Debug|x86.ActiveCfg = Debug|Any CPU
		{379762B1-82AE-41EB-A7E4-F5E2BA7F403F}.Debug|x86.Build.0 = Debug|Any CPU
		{379762B1-82AE-41EB-A7E4-F5E2BA7F403F}.Release|Any CPU.ActiveCfg = Release|Any CPU
		{379762B1-82AE-41EB-A7E4-F5E2BA7F403F}.Release|Any CPU.Build.0 = Release|Any CPU
		{379762B1-82AE-41EB-A7E4-F5E2BA7F403F}.Release|x64.ActiveCfg = Release|Any CPU
		{379762B1-82AE-41EB-A7E4-F5E2BA7F403F}.Release|x64.Build.0 = Release|Any CPU
		{379762B1-82AE-41EB-A7E4-F5E2BA7F403F}.Release|x86.ActiveCfg = Release|Any CPU
		{379762B1-82AE-41EB-A7E4-F5E2BA7F403F}.Release|x86.Build.0 = Release|Any CPU
		{246A5CB8-D451-4B39-9964-8B10992CE69A}.Debug|Any CPU.ActiveCfg = Debug|Any CPU
		{246A5CB8-D451-4B39-9964-8B10992CE69A}.Debug|Any CPU.Build.0 = Debug|Any CPU
		{246A5CB8-D451-4B39-9964-8B10992CE69A}.Debug|x64.ActiveCfg = Debug|Any CPU
		{246A5CB8-D451-4B39-9964-8B10992CE69A}.Debug|x64.Build.0 = Debug|Any CPU
		{246A5CB8-D451-4B39-9964-8B10992CE69A}.Debug|x86.ActiveCfg = Debug|Any CPU
		{246A5CB8-D451-4B39-9964-8B10992CE69A}.Debug|x86.Build.0 = Debug|Any CPU
		{246A5CB8-D451-4B39-9964-8B10992CE69A}.Release|Any CPU.ActiveCfg = Release|Any CPU
		{246A5CB8-D451-4B39-9964-8B10992CE69A}.Release|Any CPU.Build.0 = Release|Any CPU
		{246A5CB8-D451-4B39-9964-8B10992CE69A}.Release|x64.ActiveCfg = Release|Any CPU
		{246A5CB8-D451-4B39-9964-8B10992CE69A}.Release|x64.Build.0 = Release|Any CPU
		{246A5CB8-D451-4B39-9964-8B10992CE69A}.Release|x86.ActiveCfg = Release|Any CPU
		{246A5CB8-D451-4B39-9964-8B10992CE69A}.Release|x86.Build.0 = Release|Any CPU
		{02451892-2DE2-4189-A8C7-E39155F3E17F}.Debug|Any CPU.ActiveCfg = Debug|Any CPU
		{02451892-2DE2-4189-A8C7-E39155F3E17F}.Debug|Any CPU.Build.0 = Debug|Any CPU
		{02451892-2DE2-4189-A8C7-E39155F3E17F}.Debug|x64.ActiveCfg = Debug|Any CPU
		{02451892-2DE2-4189-A8C7-E39155F3E17F}.Debug|x64.Build.0 = Debug|Any CPU
		{02451892-2DE2-4189-A8C7-E39155F3E17F}.Debug|x86.ActiveCfg = Debug|Any CPU
		{02451892-2DE2-4189-A8C7-E39155F3E17F}.Debug|x86.Build.0 = Debug|Any CPU
		{02451892-2DE2-4189-A8C7-E39155F3E17F}.Release|Any CPU.ActiveCfg = Release|Any CPU
		{02451892-2DE2-4189-A8C7-E39155F3E17F}.Release|Any CPU.Build.0 = Release|Any CPU
		{02451892-2DE2-4189-A8C7-E39155F3E17F}.Release|x64.ActiveCfg = Release|Any CPU
		{02451892-2DE2-4189-A8C7-E39155F3E17F}.Release|x64.Build.0 = Release|Any CPU
		{02451892-2DE2-4189-A8C7-E39155F3E17F}.Release|x86.ActiveCfg = Release|Any CPU
		{02451892-2DE2-4189-A8C7-E39155F3E17F}.Release|x86.Build.0 = Release|Any CPU
		{0BC1CD68-9458-4A34-8A39-63C255393BBC}.Debug|Any CPU.ActiveCfg = Debug|Any CPU
		{0BC1CD68-9458-4A34-8A39-63C255393BBC}.Debug|Any CPU.Build.0 = Debug|Any CPU
		{0BC1CD68-9458-4A34-8A39-63C255393BBC}.Debug|x64.ActiveCfg = Debug|Any CPU
		{0BC1CD68-9458-4A34-8A39-63C255393BBC}.Debug|x64.Build.0 = Debug|Any CPU
		{0BC1CD68-9458-4A34-8A39-63C255393BBC}.Debug|x86.ActiveCfg = Debug|Any CPU
		{0BC1CD68-9458-4A34-8A39-63C255393BBC}.Debug|x86.Build.0 = Debug|Any CPU
		{0BC1CD68-9458-4A34-8A39-63C255393BBC}.Release|Any CPU.ActiveCfg = Release|Any CPU
		{0BC1CD68-9458-4A34-8A39-63C255393BBC}.Release|Any CPU.Build.0 = Release|Any CPU
		{0BC1CD68-9458-4A34-8A39-63C255393BBC}.Release|x64.ActiveCfg = Release|Any CPU
		{0BC1CD68-9458-4A34-8A39-63C255393BBC}.Release|x64.Build.0 = Release|Any CPU
		{0BC1CD68-9458-4A34-8A39-63C255393BBC}.Release|x86.ActiveCfg = Release|Any CPU
		{0BC1CD68-9458-4A34-8A39-63C255393BBC}.Release|x86.Build.0 = Release|Any CPU
		{6A6D2F3A-92CF-4B3F-B5ED-4222996314E5}.Debug|Any CPU.ActiveCfg = Debug|Any CPU
		{6A6D2F3A-92CF-4B3F-B5ED-4222996314E5}.Debug|Any CPU.Build.0 = Debug|Any CPU
		{6A6D2F3A-92CF-4B3F-B5ED-4222996314E5}.Debug|x64.ActiveCfg = Debug|Any CPU
		{6A6D2F3A-92CF-4B3F-B5ED-4222996314E5}.Debug|x64.Build.0 = Debug|Any CPU
		{6A6D2F3A-92CF-4B3F-B5ED-4222996314E5}.Debug|x86.ActiveCfg = Debug|Any CPU
		{6A6D2F3A-92CF-4B3F-B5ED-4222996314E5}.Debug|x86.Build.0 = Debug|Any CPU
		{6A6D2F3A-92CF-4B3F-B5ED-4222996314E5}.Release|Any CPU.ActiveCfg = Release|Any CPU
		{6A6D2F3A-92CF-4B3F-B5ED-4222996314E5}.Release|Any CPU.Build.0 = Release|Any CPU
		{6A6D2F3A-92CF-4B3F-B5ED-4222996314E5}.Release|x64.ActiveCfg = Release|Any CPU
		{6A6D2F3A-92CF-4B3F-B5ED-4222996314E5}.Release|x64.Build.0 = Release|Any CPU
		{6A6D2F3A-92CF-4B3F-B5ED-4222996314E5}.Release|x86.ActiveCfg = Release|Any CPU
		{6A6D2F3A-92CF-4B3F-B5ED-4222996314E5}.Release|x86.Build.0 = Release|Any CPU
		{BC51A5D9-AAD8-43C4-8FC0-BC7F25EEF628}.Debug|Any CPU.ActiveCfg = Debug|Any CPU
		{BC51A5D9-AAD8-43C4-8FC0-BC7F25EEF628}.Debug|Any CPU.Build.0 = Debug|Any CPU
		{BC51A5D9-AAD8-43C4-8FC0-BC7F25EEF628}.Debug|x64.ActiveCfg = Debug|Any CPU
		{BC51A5D9-AAD8-43C4-8FC0-BC7F25EEF628}.Debug|x64.Build.0 = Debug|Any CPU
		{BC51A5D9-AAD8-43C4-8FC0-BC7F25EEF628}.Debug|x86.ActiveCfg = Debug|Any CPU
		{BC51A5D9-AAD8-43C4-8FC0-BC7F25EEF628}.Debug|x86.Build.0 = Debug|Any CPU
		{BC51A5D9-AAD8-43C4-8FC0-BC7F25EEF628}.Release|Any CPU.ActiveCfg = Release|Any CPU
		{BC51A5D9-AAD8-43C4-8FC0-BC7F25EEF628}.Release|Any CPU.Build.0 = Release|Any CPU
		{BC51A5D9-AAD8-43C4-8FC0-BC7F25EEF628}.Release|x64.ActiveCfg = Release|Any CPU
		{BC51A5D9-AAD8-43C4-8FC0-BC7F25EEF628}.Release|x64.Build.0 = Release|Any CPU
		{BC51A5D9-AAD8-43C4-8FC0-BC7F25EEF628}.Release|x86.ActiveCfg = Release|Any CPU
		{BC51A5D9-AAD8-43C4-8FC0-BC7F25EEF628}.Release|x86.Build.0 = Release|Any CPU
		{32D0A95C-FC09-4240-B2F8-4479F30FA189}.Debug|Any CPU.ActiveCfg = Debug|Any CPU
		{32D0A95C-FC09-4240-B2F8-4479F30FA189}.Debug|Any CPU.Build.0 = Debug|Any CPU
		{32D0A95C-FC09-4240-B2F8-4479F30FA189}.Debug|x64.ActiveCfg = Debug|Any CPU
		{32D0A95C-FC09-4240-B2F8-4479F30FA189}.Debug|x64.Build.0 = Debug|Any CPU
		{32D0A95C-FC09-4240-B2F8-4479F30FA189}.Debug|x86.ActiveCfg = Debug|Any CPU
		{32D0A95C-FC09-4240-B2F8-4479F30FA189}.Debug|x86.Build.0 = Debug|Any CPU
		{32D0A95C-FC09-4240-B2F8-4479F30FA189}.Release|Any CPU.ActiveCfg = Release|Any CPU
		{32D0A95C-FC09-4240-B2F8-4479F30FA189}.Release|Any CPU.Build.0 = Release|Any CPU
		{32D0A95C-FC09-4240-B2F8-4479F30FA189}.Release|x64.ActiveCfg = Release|Any CPU
		{32D0A95C-FC09-4240-B2F8-4479F30FA189}.Release|x64.Build.0 = Release|Any CPU
		{32D0A95C-FC09-4240-B2F8-4479F30FA189}.Release|x86.ActiveCfg = Release|Any CPU
		{32D0A95C-FC09-4240-B2F8-4479F30FA189}.Release|x86.Build.0 = Release|Any CPU
		{6592C26C-444E-44AE-B89D-053A7BF906AD}.Debug|Any CPU.ActiveCfg = Debug|Any CPU
		{6592C26C-444E-44AE-B89D-053A7BF906AD}.Debug|Any CPU.Build.0 = Debug|Any CPU
		{6592C26C-444E-44AE-B89D-053A7BF906AD}.Debug|x64.ActiveCfg = Debug|Any CPU
		{6592C26C-444E-44AE-B89D-053A7BF906AD}.Debug|x64.Build.0 = Debug|Any CPU
		{6592C26C-444E-44AE-B89D-053A7BF906AD}.Debug|x86.ActiveCfg = Debug|Any CPU
		{6592C26C-444E-44AE-B89D-053A7BF906AD}.Debug|x86.Build.0 = Debug|Any CPU
		{6592C26C-444E-44AE-B89D-053A7BF906AD}.Release|Any CPU.ActiveCfg = Release|Any CPU
		{6592C26C-444E-44AE-B89D-053A7BF906AD}.Release|Any CPU.Build.0 = Release|Any CPU
		{6592C26C-444E-44AE-B89D-053A7BF906AD}.Release|x64.ActiveCfg = Release|Any CPU
		{6592C26C-444E-44AE-B89D-053A7BF906AD}.Release|x64.Build.0 = Release|Any CPU
		{6592C26C-444E-44AE-B89D-053A7BF906AD}.Release|x86.ActiveCfg = Release|Any CPU
		{6592C26C-444E-44AE-B89D-053A7BF906AD}.Release|x86.Build.0 = Release|Any CPU
		{40E09A00-6DA4-4D7A-B6A4-467EE7E009CB}.Debug|Any CPU.ActiveCfg = Debug|Any CPU
		{40E09A00-6DA4-4D7A-B6A4-467EE7E009CB}.Debug|Any CPU.Build.0 = Debug|Any CPU
		{40E09A00-6DA4-4D7A-B6A4-467EE7E009CB}.Debug|x64.ActiveCfg = Debug|Any CPU
		{40E09A00-6DA4-4D7A-B6A4-467EE7E009CB}.Debug|x64.Build.0 = Debug|Any CPU
		{40E09A00-6DA4-4D7A-B6A4-467EE7E009CB}.Debug|x86.ActiveCfg = Debug|Any CPU
		{40E09A00-6DA4-4D7A-B6A4-467EE7E009CB}.Debug|x86.Build.0 = Debug|Any CPU
		{40E09A00-6DA4-4D7A-B6A4-467EE7E009CB}.Release|Any CPU.ActiveCfg = Release|Any CPU
		{40E09A00-6DA4-4D7A-B6A4-467EE7E009CB}.Release|Any CPU.Build.0 = Release|Any CPU
		{40E09A00-6DA4-4D7A-B6A4-467EE7E009CB}.Release|x64.ActiveCfg = Release|Any CPU
		{40E09A00-6DA4-4D7A-B6A4-467EE7E009CB}.Release|x64.Build.0 = Release|Any CPU
		{40E09A00-6DA4-4D7A-B6A4-467EE7E009CB}.Release|x86.ActiveCfg = Release|Any CPU
		{40E09A00-6DA4-4D7A-B6A4-467EE7E009CB}.Release|x86.Build.0 = Release|Any CPU
		{87B46E93-2450-4FE8-8F7E-AE174146B077}.Debug|Any CPU.ActiveCfg = Debug|Any CPU
		{87B46E93-2450-4FE8-8F7E-AE174146B077}.Debug|Any CPU.Build.0 = Debug|Any CPU
		{87B46E93-2450-4FE8-8F7E-AE174146B077}.Debug|x64.ActiveCfg = Debug|Any CPU
		{87B46E93-2450-4FE8-8F7E-AE174146B077}.Debug|x64.Build.0 = Debug|Any CPU
		{87B46E93-2450-4FE8-8F7E-AE174146B077}.Debug|x86.ActiveCfg = Debug|Any CPU
		{87B46E93-2450-4FE8-8F7E-AE174146B077}.Debug|x86.Build.0 = Debug|Any CPU
		{87B46E93-2450-4FE8-8F7E-AE174146B077}.Release|Any CPU.ActiveCfg = Release|Any CPU
		{87B46E93-2450-4FE8-8F7E-AE174146B077}.Release|Any CPU.Build.0 = Release|Any CPU
		{87B46E93-2450-4FE8-8F7E-AE174146B077}.Release|x64.ActiveCfg = Release|Any CPU
		{87B46E93-2450-4FE8-8F7E-AE174146B077}.Release|x64.Build.0 = Release|Any CPU
		{87B46E93-2450-4FE8-8F7E-AE174146B077}.Release|x86.ActiveCfg = Release|Any CPU
		{87B46E93-2450-4FE8-8F7E-AE174146B077}.Release|x86.Build.0 = Release|Any CPU
		{062DD7C5-6052-4A10-B654-F5A4C4D48282}.Debug|Any CPU.ActiveCfg = Debug|Any CPU
		{062DD7C5-6052-4A10-B654-F5A4C4D48282}.Debug|Any CPU.Build.0 = Debug|Any CPU
		{062DD7C5-6052-4A10-B654-F5A4C4D48282}.Debug|x64.ActiveCfg = Debug|Any CPU
		{062DD7C5-6052-4A10-B654-F5A4C4D48282}.Debug|x64.Build.0 = Debug|Any CPU
		{062DD7C5-6052-4A10-B654-F5A4C4D48282}.Debug|x86.ActiveCfg = Debug|Any CPU
		{062DD7C5-6052-4A10-B654-F5A4C4D48282}.Debug|x86.Build.0 = Debug|Any CPU
		{062DD7C5-6052-4A10-B654-F5A4C4D48282}.Release|Any CPU.ActiveCfg = Release|Any CPU
		{062DD7C5-6052-4A10-B654-F5A4C4D48282}.Release|Any CPU.Build.0 = Release|Any CPU
		{062DD7C5-6052-4A10-B654-F5A4C4D48282}.Release|x64.ActiveCfg = Release|Any CPU
		{062DD7C5-6052-4A10-B654-F5A4C4D48282}.Release|x64.Build.0 = Release|Any CPU
		{062DD7C5-6052-4A10-B654-F5A4C4D48282}.Release|x86.ActiveCfg = Release|Any CPU
		{062DD7C5-6052-4A10-B654-F5A4C4D48282}.Release|x86.Build.0 = Release|Any CPU
		{9EE35032-7906-4F84-9DB1-5E9B44183B7B}.Debug|Any CPU.ActiveCfg = Debug|Any CPU
		{9EE35032-7906-4F84-9DB1-5E9B44183B7B}.Debug|Any CPU.Build.0 = Debug|Any CPU
		{9EE35032-7906-4F84-9DB1-5E9B44183B7B}.Debug|x64.ActiveCfg = Debug|Any CPU
		{9EE35032-7906-4F84-9DB1-5E9B44183B7B}.Debug|x64.Build.0 = Debug|Any CPU
		{9EE35032-7906-4F84-9DB1-5E9B44183B7B}.Debug|x86.ActiveCfg = Debug|Any CPU
		{9EE35032-7906-4F84-9DB1-5E9B44183B7B}.Debug|x86.Build.0 = Debug|Any CPU
		{9EE35032-7906-4F84-9DB1-5E9B44183B7B}.Release|Any CPU.ActiveCfg = Release|Any CPU
		{9EE35032-7906-4F84-9DB1-5E9B44183B7B}.Release|Any CPU.Build.0 = Release|Any CPU
		{9EE35032-7906-4F84-9DB1-5E9B44183B7B}.Release|x64.ActiveCfg = Release|Any CPU
		{9EE35032-7906-4F84-9DB1-5E9B44183B7B}.Release|x64.Build.0 = Release|Any CPU
		{9EE35032-7906-4F84-9DB1-5E9B44183B7B}.Release|x86.ActiveCfg = Release|Any CPU
		{9EE35032-7906-4F84-9DB1-5E9B44183B7B}.Release|x86.Build.0 = Release|Any CPU
		{BC3C7DA8-D9C2-4A03-BDF0-FA5EE7086A82}.Debug|Any CPU.ActiveCfg = Debug|Any CPU
		{BC3C7DA8-D9C2-4A03-BDF0-FA5EE7086A82}.Debug|Any CPU.Build.0 = Debug|Any CPU
		{BC3C7DA8-D9C2-4A03-BDF0-FA5EE7086A82}.Debug|x64.ActiveCfg = Debug|Any CPU
		{BC3C7DA8-D9C2-4A03-BDF0-FA5EE7086A82}.Debug|x64.Build.0 = Debug|Any CPU
		{BC3C7DA8-D9C2-4A03-BDF0-FA5EE7086A82}.Debug|x86.ActiveCfg = Debug|Any CPU
		{BC3C7DA8-D9C2-4A03-BDF0-FA5EE7086A82}.Debug|x86.Build.0 = Debug|Any CPU
		{BC3C7DA8-D9C2-4A03-BDF0-FA5EE7086A82}.Release|Any CPU.ActiveCfg = Release|Any CPU
		{BC3C7DA8-D9C2-4A03-BDF0-FA5EE7086A82}.Release|Any CPU.Build.0 = Release|Any CPU
		{BC3C7DA8-D9C2-4A03-BDF0-FA5EE7086A82}.Release|x64.ActiveCfg = Release|Any CPU
		{BC3C7DA8-D9C2-4A03-BDF0-FA5EE7086A82}.Release|x64.Build.0 = Release|Any CPU
		{BC3C7DA8-D9C2-4A03-BDF0-FA5EE7086A82}.Release|x86.ActiveCfg = Release|Any CPU
		{BC3C7DA8-D9C2-4A03-BDF0-FA5EE7086A82}.Release|x86.Build.0 = Release|Any CPU
		{F13942B4-4227-494B-A8AD-7F0DE5F07ED8}.Debug|Any CPU.ActiveCfg = Debug|Any CPU
		{F13942B4-4227-494B-A8AD-7F0DE5F07ED8}.Debug|Any CPU.Build.0 = Debug|Any CPU
		{F13942B4-4227-494B-A8AD-7F0DE5F07ED8}.Debug|x64.ActiveCfg = Debug|Any CPU
		{F13942B4-4227-494B-A8AD-7F0DE5F07ED8}.Debug|x64.Build.0 = Debug|Any CPU
		{F13942B4-4227-494B-A8AD-7F0DE5F07ED8}.Debug|x86.ActiveCfg = Debug|Any CPU
		{F13942B4-4227-494B-A8AD-7F0DE5F07ED8}.Debug|x86.Build.0 = Debug|Any CPU
		{F13942B4-4227-494B-A8AD-7F0DE5F07ED8}.Release|Any CPU.ActiveCfg = Release|Any CPU
		{F13942B4-4227-494B-A8AD-7F0DE5F07ED8}.Release|Any CPU.Build.0 = Release|Any CPU
		{F13942B4-4227-494B-A8AD-7F0DE5F07ED8}.Release|x64.ActiveCfg = Release|Any CPU
		{F13942B4-4227-494B-A8AD-7F0DE5F07ED8}.Release|x64.Build.0 = Release|Any CPU
		{F13942B4-4227-494B-A8AD-7F0DE5F07ED8}.Release|x86.ActiveCfg = Release|Any CPU
		{F13942B4-4227-494B-A8AD-7F0DE5F07ED8}.Release|x86.Build.0 = Release|Any CPU
		{2D1896F7-6083-4448-B18C-95EDD92BC6CF}.Debug|Any CPU.ActiveCfg = Debug|Any CPU
		{2D1896F7-6083-4448-B18C-95EDD92BC6CF}.Debug|Any CPU.Build.0 = Debug|Any CPU
		{2D1896F7-6083-4448-B18C-95EDD92BC6CF}.Debug|x64.ActiveCfg = Debug|Any CPU
		{2D1896F7-6083-4448-B18C-95EDD92BC6CF}.Debug|x64.Build.0 = Debug|Any CPU
		{2D1896F7-6083-4448-B18C-95EDD92BC6CF}.Debug|x86.ActiveCfg = Debug|Any CPU
		{2D1896F7-6083-4448-B18C-95EDD92BC6CF}.Debug|x86.Build.0 = Debug|Any CPU
		{2D1896F7-6083-4448-B18C-95EDD92BC6CF}.Release|Any CPU.ActiveCfg = Release|Any CPU
		{2D1896F7-6083-4448-B18C-95EDD92BC6CF}.Release|Any CPU.Build.0 = Release|Any CPU
		{2D1896F7-6083-4448-B18C-95EDD92BC6CF}.Release|x64.ActiveCfg = Release|Any CPU
		{2D1896F7-6083-4448-B18C-95EDD92BC6CF}.Release|x64.Build.0 = Release|Any CPU
		{2D1896F7-6083-4448-B18C-95EDD92BC6CF}.Release|x86.ActiveCfg = Release|Any CPU
		{2D1896F7-6083-4448-B18C-95EDD92BC6CF}.Release|x86.Build.0 = Release|Any CPU
		{55BCC7BD-F573-4417-B6B5-2447731304DB}.Debug|Any CPU.ActiveCfg = Debug|Any CPU
		{55BCC7BD-F573-4417-B6B5-2447731304DB}.Debug|Any CPU.Build.0 = Debug|Any CPU
		{55BCC7BD-F573-4417-B6B5-2447731304DB}.Debug|x64.ActiveCfg = Debug|Any CPU
		{55BCC7BD-F573-4417-B6B5-2447731304DB}.Debug|x64.Build.0 = Debug|Any CPU
		{55BCC7BD-F573-4417-B6B5-2447731304DB}.Debug|x86.ActiveCfg = Debug|Any CPU
		{55BCC7BD-F573-4417-B6B5-2447731304DB}.Debug|x86.Build.0 = Debug|Any CPU
		{55BCC7BD-F573-4417-B6B5-2447731304DB}.Release|Any CPU.ActiveCfg = Release|Any CPU
		{55BCC7BD-F573-4417-B6B5-2447731304DB}.Release|Any CPU.Build.0 = Release|Any CPU
		{55BCC7BD-F573-4417-B6B5-2447731304DB}.Release|x64.ActiveCfg = Release|Any CPU
		{55BCC7BD-F573-4417-B6B5-2447731304DB}.Release|x64.Build.0 = Release|Any CPU
		{55BCC7BD-F573-4417-B6B5-2447731304DB}.Release|x86.ActiveCfg = Release|Any CPU
		{55BCC7BD-F573-4417-B6B5-2447731304DB}.Release|x86.Build.0 = Release|Any CPU
		{8B6B320B-30BE-4AA5-8083-86EC53EEEC36}.Debug|Any CPU.ActiveCfg = Debug|Any CPU
		{8B6B320B-30BE-4AA5-8083-86EC53EEEC36}.Debug|Any CPU.Build.0 = Debug|Any CPU
		{8B6B320B-30BE-4AA5-8083-86EC53EEEC36}.Debug|x64.ActiveCfg = Debug|Any CPU
		{8B6B320B-30BE-4AA5-8083-86EC53EEEC36}.Debug|x64.Build.0 = Debug|Any CPU
		{8B6B320B-30BE-4AA5-8083-86EC53EEEC36}.Debug|x86.ActiveCfg = Debug|Any CPU
		{8B6B320B-30BE-4AA5-8083-86EC53EEEC36}.Debug|x86.Build.0 = Debug|Any CPU
		{8B6B320B-30BE-4AA5-8083-86EC53EEEC36}.Release|Any CPU.ActiveCfg = Release|Any CPU
		{8B6B320B-30BE-4AA5-8083-86EC53EEEC36}.Release|Any CPU.Build.0 = Release|Any CPU
		{8B6B320B-30BE-4AA5-8083-86EC53EEEC36}.Release|x64.ActiveCfg = Release|Any CPU
		{8B6B320B-30BE-4AA5-8083-86EC53EEEC36}.Release|x64.Build.0 = Release|Any CPU
		{8B6B320B-30BE-4AA5-8083-86EC53EEEC36}.Release|x86.ActiveCfg = Release|Any CPU
		{8B6B320B-30BE-4AA5-8083-86EC53EEEC36}.Release|x86.Build.0 = Release|Any CPU
		{EB7C93B5-711E-4984-A4D3-9ACD7B09A334}.Debug|Any CPU.ActiveCfg = Debug|Any CPU
		{EB7C93B5-711E-4984-A4D3-9ACD7B09A334}.Debug|Any CPU.Build.0 = Debug|Any CPU
		{EB7C93B5-711E-4984-A4D3-9ACD7B09A334}.Debug|x64.ActiveCfg = Debug|Any CPU
		{EB7C93B5-711E-4984-A4D3-9ACD7B09A334}.Debug|x64.Build.0 = Debug|Any CPU
		{EB7C93B5-711E-4984-A4D3-9ACD7B09A334}.Debug|x86.ActiveCfg = Debug|Any CPU
		{EB7C93B5-711E-4984-A4D3-9ACD7B09A334}.Debug|x86.Build.0 = Debug|Any CPU
		{EB7C93B5-711E-4984-A4D3-9ACD7B09A334}.Release|Any CPU.ActiveCfg = Release|Any CPU
		{EB7C93B5-711E-4984-A4D3-9ACD7B09A334}.Release|Any CPU.Build.0 = Release|Any CPU
		{EB7C93B5-711E-4984-A4D3-9ACD7B09A334}.Release|x64.ActiveCfg = Release|Any CPU
		{EB7C93B5-711E-4984-A4D3-9ACD7B09A334}.Release|x64.Build.0 = Release|Any CPU
		{EB7C93B5-711E-4984-A4D3-9ACD7B09A334}.Release|x86.ActiveCfg = Release|Any CPU
		{EB7C93B5-711E-4984-A4D3-9ACD7B09A334}.Release|x86.Build.0 = Release|Any CPU
		{99345653-50AE-4D6E-8C82-910958CDC5D8}.Debug|Any CPU.ActiveCfg = Debug|Any CPU
		{99345653-50AE-4D6E-8C82-910958CDC5D8}.Debug|Any CPU.Build.0 = Debug|Any CPU
		{99345653-50AE-4D6E-8C82-910958CDC5D8}.Debug|x64.ActiveCfg = Debug|Any CPU
		{99345653-50AE-4D6E-8C82-910958CDC5D8}.Debug|x64.Build.0 = Debug|Any CPU
		{99345653-50AE-4D6E-8C82-910958CDC5D8}.Debug|x86.ActiveCfg = Debug|Any CPU
		{99345653-50AE-4D6E-8C82-910958CDC5D8}.Debug|x86.Build.0 = Debug|Any CPU
		{99345653-50AE-4D6E-8C82-910958CDC5D8}.Release|Any CPU.ActiveCfg = Release|Any CPU
		{99345653-50AE-4D6E-8C82-910958CDC5D8}.Release|Any CPU.Build.0 = Release|Any CPU
		{99345653-50AE-4D6E-8C82-910958CDC5D8}.Release|x64.ActiveCfg = Release|Any CPU
		{99345653-50AE-4D6E-8C82-910958CDC5D8}.Release|x64.Build.0 = Release|Any CPU
		{99345653-50AE-4D6E-8C82-910958CDC5D8}.Release|x86.ActiveCfg = Release|Any CPU
		{99345653-50AE-4D6E-8C82-910958CDC5D8}.Release|x86.Build.0 = Release|Any CPU
		{094400D1-2F4C-4B6E-B686-CD5B98079B97}.Debug|Any CPU.ActiveCfg = Debug|Any CPU
		{094400D1-2F4C-4B6E-B686-CD5B98079B97}.Debug|Any CPU.Build.0 = Debug|Any CPU
		{094400D1-2F4C-4B6E-B686-CD5B98079B97}.Debug|x64.ActiveCfg = Debug|Any CPU
		{094400D1-2F4C-4B6E-B686-CD5B98079B97}.Debug|x64.Build.0 = Debug|Any CPU
		{094400D1-2F4C-4B6E-B686-CD5B98079B97}.Debug|x86.ActiveCfg = Debug|Any CPU
		{094400D1-2F4C-4B6E-B686-CD5B98079B97}.Debug|x86.Build.0 = Debug|Any CPU
		{094400D1-2F4C-4B6E-B686-CD5B98079B97}.Release|Any CPU.ActiveCfg = Release|Any CPU
		{094400D1-2F4C-4B6E-B686-CD5B98079B97}.Release|Any CPU.Build.0 = Release|Any CPU
		{094400D1-2F4C-4B6E-B686-CD5B98079B97}.Release|x64.ActiveCfg = Release|Any CPU
		{094400D1-2F4C-4B6E-B686-CD5B98079B97}.Release|x64.Build.0 = Release|Any CPU
		{094400D1-2F4C-4B6E-B686-CD5B98079B97}.Release|x86.ActiveCfg = Release|Any CPU
		{094400D1-2F4C-4B6E-B686-CD5B98079B97}.Release|x86.Build.0 = Release|Any CPU
		{F0E6E091-904E-45E7-A61E-D463A82FF1C5}.Debug|Any CPU.ActiveCfg = Debug|Any CPU
		{F0E6E091-904E-45E7-A61E-D463A82FF1C5}.Debug|Any CPU.Build.0 = Debug|Any CPU
		{F0E6E091-904E-45E7-A61E-D463A82FF1C5}.Debug|x64.ActiveCfg = Debug|Any CPU
		{F0E6E091-904E-45E7-A61E-D463A82FF1C5}.Debug|x64.Build.0 = Debug|Any CPU
		{F0E6E091-904E-45E7-A61E-D463A82FF1C5}.Debug|x86.ActiveCfg = Debug|Any CPU
		{F0E6E091-904E-45E7-A61E-D463A82FF1C5}.Debug|x86.Build.0 = Debug|Any CPU
		{F0E6E091-904E-45E7-A61E-D463A82FF1C5}.Release|Any CPU.ActiveCfg = Release|Any CPU
		{F0E6E091-904E-45E7-A61E-D463A82FF1C5}.Release|Any CPU.Build.0 = Release|Any CPU
		{F0E6E091-904E-45E7-A61E-D463A82FF1C5}.Release|x64.ActiveCfg = Release|Any CPU
		{F0E6E091-904E-45E7-A61E-D463A82FF1C5}.Release|x64.Build.0 = Release|Any CPU
		{F0E6E091-904E-45E7-A61E-D463A82FF1C5}.Release|x86.ActiveCfg = Release|Any CPU
		{F0E6E091-904E-45E7-A61E-D463A82FF1C5}.Release|x86.Build.0 = Release|Any CPU
		{9BD87EA0-12C2-489A-81B4-96C724E1B453}.Debug|Any CPU.ActiveCfg = Debug|Any CPU
		{9BD87EA0-12C2-489A-81B4-96C724E1B453}.Debug|Any CPU.Build.0 = Debug|Any CPU
		{9BD87EA0-12C2-489A-81B4-96C724E1B453}.Debug|x64.ActiveCfg = Debug|Any CPU
		{9BD87EA0-12C2-489A-81B4-96C724E1B453}.Debug|x64.Build.0 = Debug|Any CPU
		{9BD87EA0-12C2-489A-81B4-96C724E1B453}.Debug|x86.ActiveCfg = Debug|Any CPU
		{9BD87EA0-12C2-489A-81B4-96C724E1B453}.Debug|x86.Build.0 = Debug|Any CPU
		{9BD87EA0-12C2-489A-81B4-96C724E1B453}.Release|Any CPU.ActiveCfg = Release|Any CPU
		{9BD87EA0-12C2-489A-81B4-96C724E1B453}.Release|Any CPU.Build.0 = Release|Any CPU
		{9BD87EA0-12C2-489A-81B4-96C724E1B453}.Release|x64.ActiveCfg = Release|Any CPU
		{9BD87EA0-12C2-489A-81B4-96C724E1B453}.Release|x64.Build.0 = Release|Any CPU
		{9BD87EA0-12C2-489A-81B4-96C724E1B453}.Release|x86.ActiveCfg = Release|Any CPU
		{9BD87EA0-12C2-489A-81B4-96C724E1B453}.Release|x86.Build.0 = Release|Any CPU
	EndGlobalSection
	GlobalSection(SolutionProperties) = preSolution
		HideSolutionNode = FALSE
	EndGlobalSection
	GlobalSection(NestedProjects) = preSolution
		{379762B1-82AE-41EB-A7E4-F5E2BA7F403F} = {416B735E-5923-7A76-2659-B9B4A6AD3204}
		{246A5CB8-D451-4B39-9964-8B10992CE69A} = {A03F6522-2693-4732-6C8A-C64F880892AA}
		{02451892-2DE2-4189-A8C7-E39155F3E17F} = {26FC0A08-A71D-72F2-4BF4-F6E388CA4612}
		{0BC1CD68-9458-4A34-8A39-63C255393BBC} = {E5229E1B-083B-EB7B-27E8-19EC140C1C78}
		{6A6D2F3A-92CF-4B3F-B5ED-4222996314E5} = {278D7143-4C7D-0AE1-1F4F-4B92C2B1C15A}
		{BC51A5D9-AAD8-43C4-8FC0-BC7F25EEF628} = {808C8A88-A060-B8D9-C546-DD5BD1A469A3}
		{32D0A95C-FC09-4240-B2F8-4479F30FA189} = {D1007EA8-BFD3-FFD4-68E6-B7D566E5360D}
		{6592C26C-444E-44AE-B89D-053A7BF906AD} = {FB24A532-0731-DAFE-AE35-A46A03491690}
		{40E09A00-6DA4-4D7A-B6A4-467EE7E009CB} = {2AAB72EF-8F25-2660-099C-41F360354C50}
		{87B46E93-2450-4FE8-8F7E-AE174146B077} = {AF25D58D-8A97-E31D-1CFC-8EA144ACD829}
		{062DD7C5-6052-4A10-B654-F5A4C4D48282} = {962E1758-55A4-F230-BEF7-22CE04B28B30}
		{9EE35032-7906-4F84-9DB1-5E9B44183B7B} = {F3934845-82BE-1788-B1A2-6E384455033D}
		{BC3C7DA8-D9C2-4A03-BDF0-FA5EE7086A82} = {E6232546-4792-EED6-A5E2-B368ED0E891D}
		{F13942B4-4227-494B-A8AD-7F0DE5F07ED8} = {95E16B79-6CE9-6F52-1BD1-D40FBEB1E605}
		{2D1896F7-6083-4448-B18C-95EDD92BC6CF} = {0FF63FD7-4B55-4F47-82E1-25CBE0F122E0}
		{55BCC7BD-F573-4417-B6B5-2447731304DB} = {523B6C6A-3999-E96D-5F5F-801A396CB079}
		{8B6B320B-30BE-4AA5-8083-86EC53EEEC36} = {1128E5BD-42AE-6718-C11F-0A06F6527561}
		{EB7C93B5-711E-4984-A4D3-9ACD7B09A334} = {66E38FAC-6DE0-8A22-B006-505FBBA49B32}
		{99345653-50AE-4D6E-8C82-910958CDC5D8} = {EC2BD167-3210-459C-05CC-717894F045E0}
		{094400D1-2F4C-4B6E-B686-CD5B98079B97} = {10949080-6AC0-8F96-E38F-1260E464F4A4}
		{F0E6E091-904E-45E7-A61E-D463A82FF1C5} = {C10381C7-E6EC-9F41-B594-B6A8FD7394E7}
		{9BD87EA0-12C2-489A-81B4-96C724E1B453} = {EB4297B2-A147-EBE7-51CC-92841866A83B}
	EndGlobalSection
	GlobalSection(ExtensibilityGlobals) = postSolution
		SolutionGuid = {B28D65A5-78BA-4BC5-8685-743CD1D59B6E}
	EndGlobalSection
EndGlobal
