Microsoft Visual Studio Solution File, Format Version 12.00
# Visual Studio Version 17
VisualStudioVersion = 17.8.0.0
MinimumVisualStudioVersion = 17.8.0.0
Project("{9A19103F-16F7-4668-BE54-9A1E7A4F7556}") = "AspireSample.AppHost", "AspireSample.AppHost\AspireSample.AppHost.csproj", "{5D7BEB21-8F41-428A-94B2-3AEEFA2A14E5}"
EndProject
Project("{9A19103F-16F7-4668-BE54-9A1E7A4F7556}") = "AspireSample.ServiceDefaults", "AspireSample.ServiceDefaults\AspireSample.ServiceDefaults.csproj", "{709E3840-9629-4C25-B10C-B490E2E46999}"
EndProject
Project("{9A19103F-16F7-4668-BE54-9A1E7A4F7556}") = "AspireSample.ApiService", "AspireSample.ApiService\AspireSample.ApiService.csproj", "{15647107-8F54-4CD9-B1FE-5CD2FA9D2C8C}"
EndProject
Project("{9A19103F-16F7-4668-BE54-9A1E7A4F7556}") = "AspireSample.Tests", "AspireSample.Tests\AspireSample.Tests.csproj", "{BEE8C7E8-F536-4E05-9122-FC63485B91E1}"
EndProject
Project("{9A19103F-16F7-4668-BE54-9A1E7A4F7556}") = "AspireSample.Web", "AspireSample.Web\AspireSample.Web.csproj", "{8429C56B-BE6D-4EF0-AB74-4F7AFC8C3800}"
EndProject
Global
	GlobalSection(SolutionConfigurationPlatforms) = preSolution
		Debug|Any CPU = Debug|Any CPU
		Release|Any CPU = Release|Any CPU
	EndGlobalSection
	GlobalSection(ProjectConfigurationPlatforms) = postSolution
		{5D7BEB21-8F41-428A-94B2-3AEEFA2A14E5}.Debug|Any CPU.ActiveCfg = Debug|Any CPU
		{5D7BEB21-8F41-428A-94B2-3AEEFA2A14E5}.Debug|Any CPU.Build.0 = Debug|Any CPU
		{5D7BEB21-8F41-428A-94B2-3AEEFA2A14E5}.Release|Any CPU.ActiveCfg = Release|Any CPU
		{5D7BEB21-8F41-428A-94B2-3AEEFA2A14E5}.Release|Any CPU.Build.0 = Release|Any CPU
		{709E3840-9629-4C25-B10C-B490E2E46999}.Debug|Any CPU.ActiveCfg = Debug|Any CPU
		{709E3840-9629-4C25-B10C-B490E2E46999}.Debug|Any CPU.Build.0 = Debug|Any CPU
		{709E3840-9629-4C25-B10C-B490E2E46999}.Release|Any CPU.ActiveCfg = Release|Any CPU
		{709E3840-9629-4C25-B10C-B490E2E46999}.Release|Any CPU.Build.0 = Release|Any CPU
		{15647107-8F54-4CD9-B1FE-5CD2FA9D2C8C}.Debug|Any CPU.ActiveCfg = Debug|Any CPU
		{15647107-8F54-4CD9-B1FE-5CD2FA9D2C8C}.Debug|Any CPU.Build.0 = Debug|Any CPU
		{15647107-8F54-4CD9-B1FE-5CD2FA9D2C8C}.Release|Any CPU.ActiveCfg = Release|Any CPU
		{15647107-8F54-4CD9-B1FE-5CD2FA9D2C8C}.Release|Any CPU.Build.0 = Release|Any CPU
		{BEE8C7E8-F536-4E05-9122-FC63485B91E1}.Debug|Any CPU.ActiveCfg = Debug|Any CPU
		{BEE8C7E8-F536-4E05-9122-FC63485B91E1}.Debug|Any CPU.Build.0 = Debug|Any CPU
		{BEE8C7E8-F536-4E05-9122-FC63485B91E1}.Release|Any CPU.ActiveCfg = Release|Any CPU
		{BEE8C7E8-F536-4E05-9122-FC63485B91E1}.Release|Any CPU.Build.0 = Release|Any CPU
		{8429C56B-BE6D-4EF0-AB74-4F7AFC8C3800}.Debug|Any CPU.ActiveCfg = Debug|Any CPU
		{8429C56B-BE6D-4EF0-AB74-4F7AFC8C3800}.Debug|Any CPU.Build.0 = Debug|Any CPU
		{8429C56B-BE6D-4EF0-AB74-4F7AFC8C3800}.Release|Any CPU.ActiveCfg = Release|Any CPU
		{8429C56B-BE6D-4EF0-AB74-4F7AFC8C3800}.Release|Any CPU.Build.0 = Release|Any CPU
	EndGlobalSection
	GlobalSection(SolutionProperties) = preSolution
		HideSolutionNode = FALSE
	EndGlobalSection
	GlobalSection(ExtensibilityGlobals) = postSolution
		SolutionGuid = {5B5FABA6-0350-48EC-AC89-BB705D73BFB4}
	EndGlobalSection
EndGlobal
